
Microsoft Visual Studio Solution File, Format Version 12.00
# Visual Studio 15
VisualStudioVersion = 15.0.28307.572
MinimumVisualStudioVersion = 10.0.40219.1
Project("{FAE04EC0-301F-11D3-BF4B-00C04F79EFBC}") = "AddTimeLapseToGcode", "AddTimeLapseToGcode\AddTimeLapseToGcode.csproj", "{4014857A-8346-4B87-B170-C87EDDB3CEF4}"
EndProject
Global
	GlobalSection(SolutionConfigurationPlatforms) = preSolution
		Debug|Any CPU = Debug|Any CPU
		Release|Any CPU = Release|Any CPU
	EndGlobalSection
	GlobalSection(ProjectConfigurationPlatforms) = postSolution
		{4014857A-8346-4B87-B170-C87EDDB3CEF4}.Debug|Any CPU.ActiveCfg = Debug|Any CPU
		{4014857A-8346-4B87-B170-C87EDDB3CEF4}.Debug|Any CPU.Build.0 = Debug|Any CPU
		{4014857A-8346-4B87-B170-C87EDDB3CEF4}.Release|Any CPU.ActiveCfg = Release|Any CPU
		{4014857A-8346-4B87-B170-C87EDDB3CEF4}.Release|Any CPU.Build.0 = Release|Any CPU
	EndGlobalSection
	GlobalSection(SolutionProperties) = preSolution
		HideSolutionNode = FALSE
	EndGlobalSection
	GlobalSection(ExtensibilityGlobals) = postSolution
		SolutionGuid = {9FEE4F31-5795-4A99-9AA0-E947708388B4}
	EndGlobalSection
EndGlobal
